Microsoft Visual Studio Solution File, Format Version 12.00
# Visual Studio 2012
Project("{FAE04EC0-301F-11D3-BF4B-00C04F79EFBC}") = "Actually Scary Weeping Angel v1", "Actually Scary Weeping Angel v1.csproj", "{6636FD29-E883-4080-A0B0-027BF544BC6F}"
EndProject
Global
	GlobalSection(SolutionConfigurationPlatforms) = preSolution
	Debug|Any CPU = Debug|Any CPU
	ExportDebug|Any CPU = ExportDebug|Any CPU
	ExportRelease|Any CPU = ExportRelease|Any CPU
	EndGlobalSection
	GlobalSection(ProjectConfigurationPlatforms) = postSolution
		{6636FD29-E883-4080-A0B0-027BF544BC6F}.Debug|Any CPU.ActiveCfg = Debug|Any CPU
		{6636FD29-E883-4080-A0B0-027BF544BC6F}.Debug|Any CPU.Build.0 = Debug|Any CPU
		{6636FD29-E883-4080-A0B0-027BF544BC6F}.ExportDebug|Any CPU.ActiveCfg = ExportDebug|Any CPU
		{6636FD29-E883-4080-A0B0-027BF544BC6F}.ExportDebug|Any CPU.Build.0 = ExportDebug|Any CPU
		{6636FD29-E883-4080-A0B0-027BF544BC6F}.ExportRelease|Any CPU.ActiveCfg = ExportRelease|Any CPU
		{6636FD29-E883-4080-A0B0-027BF544BC6F}.ExportRelease|Any CPU.Build.0 = ExportRelease|Any CPU
	EndGlobalSection
EndGlobal
